
Microsoft Visual Studio Solution File, Format Version 12.00
# Visual Studio Version 17
VisualStudioVersion = 17.4.33103.184
MinimumVisualStudioVersion = 10.0.40219.1
Project("{9A19103F-16F7-4668-BE54-9A1E7A4F7556}") = "RainMap", "RainMap.csproj", "{B1A3D424-7B48-49E8-B4B2-E756F60F1028}"
EndProject
Project("{9A19103F-16F7-4668-BE54-9A1E7A4F7556}") = "RainMap.UI", "lib\RainMap.UI\RainMap.UI.csproj", "{A59A5FF9-8052-4AC7-B3D7-F74350E43574}"
EndProject
Project("{FAE04EC0-301F-11D3-BF4B-00C04F79EFBC}") = "RWAPI", "lib\RWAPI\RWAPI.csproj", "{15386355-5E86-4B74-91D6-190F7CBFE9D2}"
EndProject
Global
	GlobalSection(SolutionConfigurationPlatforms) = preSolution
		Debug|Any CPU = Debug|Any CPU
		Release|Any CPU = Release|Any CPU
	EndGlobalSection
	GlobalSection(ProjectConfigurationPlatforms) = postSolution
		{B1A3D424-7B48-49E8-B4B2-E756F60F1028}.Debug|Any CPU.ActiveCfg = Debug|Any CPU
		{B1A3D424-7B48-49E8-B4B2-E756F60F1028}.Debug|Any CPU.Build.0 = Debug|Any CPU
		{B1A3D424-7B48-49E8-B4B2-E756F60F1028}.Release|Any CPU.ActiveCfg = Release|Any CPU
		{B1A3D424-7B48-49E8-B4B2-E756F60F1028}.Release|Any CPU.Build.0 = Release|Any CPU
		{A59A5FF9-8052-4AC7-B3D7-F74350E43574}.Debug|Any CPU.ActiveCfg = Debug|Any CPU
		{A59A5FF9-8052-4AC7-B3D7-F74350E43574}.Debug|Any CPU.Build.0 = Debug|Any CPU
		{A59A5FF9-8052-4AC7-B3D7-F74350E43574}.Release|Any CPU.ActiveCfg = Release|Any CPU
		{A59A5FF9-8052-4AC7-B3D7-F74350E43574}.Release|Any CPU.Build.0 = Release|Any CPU
		{15386355-5E86-4B74-91D6-190F7CBFE9D2}.Debug|Any CPU.ActiveCfg = Debug|Any CPU
		{15386355-5E86-4B74-91D6-190F7CBFE9D2}.Debug|Any CPU.Build.0 = Debug|Any CPU
		{15386355-5E86-4B74-91D6-190F7CBFE9D2}.Release|Any CPU.ActiveCfg = Release|Any CPU
		{15386355-5E86-4B74-91D6-190F7CBFE9D2}.Release|Any CPU.Build.0 = Release|Any CPU
	EndGlobalSection
	GlobalSection(SolutionProperties) = preSolution
		HideSolutionNode = FALSE
	EndGlobalSection
	GlobalSection(ExtensibilityGlobals) = postSolution
		SolutionGuid = {F1CB1D77-0CD2-43A8-B322-56F54D4316AE}
	EndGlobalSection
EndGlobal
